
Microsoft Visual Studio Solution File, Format Version 12.00
# Visual Studio Version 17
VisualStudioVersion = 17.14.36310.24
MinimumVisualStudioVersion = 10.0.40219.1
Project("{FAE04EC0-301F-11D3-BF4B-00C04F79EFBC}") = "Plugin.Maui.ShellTabBarBadgeSample", "Plugin.Maui.ShellTabBarBadgeSample\Plugin.Maui.ShellTabBarBadgeSample.csproj", "{6D2B9AAE-6839-4EF7-A5B7-8F976716D8FF}"
EndProject
Project("{FAE04EC0-301F-11D3-BF4B-00C04F79EFBC}") = "Plugin.Maui.ShellTabBarBadge", "Plugin.Maui.ShellTabBarBadge\Plugin.Maui.ShellTabBarBadge.csproj", "{346FDD4F-E7B2-48EE-95E3-D7ACA236E6CD}"
EndProject
Global
	GlobalSection(SolutionConfigurationPlatforms) = preSolution
		Debug|Any CPU = Debug|Any CPU
		Release|Any CPU = Release|Any CPU
	EndGlobalSection
	GlobalSection(ProjectConfigurationPlatforms) = postSolution
		{6D2B9AAE-6839-4EF7-A5B7-8F976716D8FF}.Debug|Any CPU.ActiveCfg = Debug|Any CPU
		{6D2B9AAE-6839-4EF7-A5B7-8F976716D8FF}.Debug|Any CPU.Build.0 = Debug|Any CPU
		{6D2B9AAE-6839-4EF7-A5B7-8F976716D8FF}.Debug|Any CPU.Deploy.0 = Debug|Any CPU
		{6D2B9AAE-6839-4EF7-A5B7-8F976716D8FF}.Release|Any CPU.ActiveCfg = Release|Any CPU
		{6D2B9AAE-6839-4EF7-A5B7-8F976716D8FF}.Release|Any CPU.Build.0 = Release|Any CPU
		{6D2B9AAE-6839-4EF7-A5B7-8F976716D8FF}.Release|Any CPU.Deploy.0 = Release|Any CPU
		{346FDD4F-E7B2-48EE-95E3-D7ACA236E6CD}.Debug|Any CPU.ActiveCfg = Debug|Any CPU
		{346FDD4F-E7B2-48EE-95E3-D7ACA236E6CD}.Debug|Any CPU.Build.0 = Debug|Any CPU
		{346FDD4F-E7B2-48EE-95E3-D7ACA236E6CD}.Release|Any CPU.ActiveCfg = Release|Any CPU
		{346FDD4F-E7B2-48EE-95E3-D7ACA236E6CD}.Release|Any CPU.Build.0 = Release|Any CPU
	EndGlobalSection
	GlobalSection(SolutionProperties) = preSolution
		HideSolutionNode = FALSE
	EndGlobalSection
	GlobalSection(ExtensibilityGlobals) = postSolution
		SolutionGuid = {9DA3234C-DE8C-4090-84A8-A6B03208C375}
	EndGlobalSection
EndGlobal
